
Microsoft Visual Studio Solution File, Format Version 12.00
Project("{2150E333-8FDC-42A3-9474-1A3956D46DE8}") = "SRP", "SRP", "{8FAC862C-A859-4A1B-89AD-6A9465C76714}"
EndProject
Project("{2150E333-8FDC-42A3-9474-1A3956D46DE8}") = "OCP", "OCP", "{4118028B-2F1B-4C1D-B101-98F4B07CEE78}"
EndProject
Project("{2150E333-8FDC-42A3-9474-1A3956D46DE8}") = "LSP", "LSP", "{9CFFEA51-5EF6-41B4-838C-D464745E3B49}"
EndProject
Project("{2150E333-8FDC-42A3-9474-1A3956D46DE8}") = "ISP", "ISP", "{828C0A03-8B1B-42C9-B9FB-848B9C9143C5}"
EndProject
Project("{2150E333-8FDC-42A3-9474-1A3956D46DE8}") = "DIP", "DIP", "{EE47217F-CA93-49D5-B71D-D86435D70D7A}"
EndProject
Project("{FAE04EC0-301F-11D3-BF4B-00C04F79EFBC}") = "Pratical.SOLID.ISP.Web", "src\Pratical.SOLID.ISP.Web\Pratical.SOLID.ISP.Web.csproj", "{8D612282-AA42-486E-93A6-2B89B697D662}"
EndProject
Project("{FAE04EC0-301F-11D3-BF4B-00C04F79EFBC}") = "Pratical.SOLID.LSP.Web", "src\Pratical.SOLID.LSP.Web\Pratical.SOLID.LSP.Web.csproj", "{2508C253-DF30-4898-8FDB-4D4F5EED5CA2}"
EndProject
Project("{FAE04EC0-301F-11D3-BF4B-00C04F79EFBC}") = "Pratical.SOLID.OCP.Web", "src\Pratical.SOLID.OCP.Web\Pratical.SOLID.OCP.Web.csproj", "{CF223190-83EE-40D4-B690-2132D9EDD0E0}"
EndProject
Project("{FAE04EC0-301F-11D3-BF4B-00C04F79EFBC}") = "Pratical.SOLID.SRP.Web", "src\Pratical.SOLID.SRP.Web\Pratical.SOLID.SRP.Web.csproj", "{4B87A77D-3C78-4B94-B597-3C4817D49955}"
EndProject
Global
	GlobalSection(SolutionConfigurationPlatforms) = preSolution
		Debug|Any CPU = Debug|Any CPU
		Release|Any CPU = Release|Any CPU
	EndGlobalSection
	GlobalSection(NestedProjects) = preSolution
		{8D612282-AA42-486E-93A6-2B89B697D662} = {828C0A03-8B1B-42C9-B9FB-848B9C9143C5}
		{2508C253-DF30-4898-8FDB-4D4F5EED5CA2} = {9CFFEA51-5EF6-41B4-838C-D464745E3B49}
		{CF223190-83EE-40D4-B690-2132D9EDD0E0} = {4118028B-2F1B-4C1D-B101-98F4B07CEE78}
		{4B87A77D-3C78-4B94-B597-3C4817D49955} = {8FAC862C-A859-4A1B-89AD-6A9465C76714}
	EndGlobalSection
	GlobalSection(ProjectConfigurationPlatforms) = postSolution
		{8D612282-AA42-486E-93A6-2B89B697D662}.Debug|Any CPU.ActiveCfg = Debug|Any CPU
		{8D612282-AA42-486E-93A6-2B89B697D662}.Debug|Any CPU.Build.0 = Debug|Any CPU
		{8D612282-AA42-486E-93A6-2B89B697D662}.Release|Any CPU.ActiveCfg = Release|Any CPU
		{8D612282-AA42-486E-93A6-2B89B697D662}.Release|Any CPU.Build.0 = Release|Any CPU
		{2508C253-DF30-4898-8FDB-4D4F5EED5CA2}.Debug|Any CPU.ActiveCfg = Debug|Any CPU
		{2508C253-DF30-4898-8FDB-4D4F5EED5CA2}.Debug|Any CPU.Build.0 = Debug|Any CPU
		{2508C253-DF30-4898-8FDB-4D4F5EED5CA2}.Release|Any CPU.ActiveCfg = Release|Any CPU
		{2508C253-DF30-4898-8FDB-4D4F5EED5CA2}.Release|Any CPU.Build.0 = Release|Any CPU
		{CF223190-83EE-40D4-B690-2132D9EDD0E0}.Debug|Any CPU.ActiveCfg = Debug|Any CPU
		{CF223190-83EE-40D4-B690-2132D9EDD0E0}.Debug|Any CPU.Build.0 = Debug|Any CPU
		{CF223190-83EE-40D4-B690-2132D9EDD0E0}.Release|Any CPU.ActiveCfg = Release|Any CPU
		{CF223190-83EE-40D4-B690-2132D9EDD0E0}.Release|Any CPU.Build.0 = Release|Any CPU
		{4B87A77D-3C78-4B94-B597-3C4817D49955}.Debug|Any CPU.ActiveCfg = Debug|Any CPU
		{4B87A77D-3C78-4B94-B597-3C4817D49955}.Debug|Any CPU.Build.0 = Debug|Any CPU
		{4B87A77D-3C78-4B94-B597-3C4817D49955}.Release|Any CPU.ActiveCfg = Release|Any CPU
		{4B87A77D-3C78-4B94-B597-3C4817D49955}.Release|Any CPU.Build.0 = Release|Any CPU
	EndGlobalSection
EndGlobal
